// !$*UTF8*$!
{
	archiveVersion = 1;
	classes = {
	};
	objectVersion = 46;
	objects = {

/* Begin PBXBuildFile section */
		50865BB81AF449B4009F4B70 /* main.m in Sources */ = {isa = PBXBuildFile; fileRef = 50865BB71AF449B4009F4B70 /* main.m */; };
		50865BBB1AF449B4009F4B70 /* AppDelegate.m in Sources */ = {isa = PBXBuildFile; fileRef = 50865BBA1AF449B4009F4B70 /* AppDelegate.m */; };
		50865BBE1AF449B4009F4B70 /* babynote.xcdatamodeld in Sources */ = {isa = PBXBuildFile; fileRef = 50865BBC1AF449B4009F4B70 /* babynote.xcdatamodeld */; };
		50865BC11AF449B4009F4B70 /* ViewController.m in Sources */ = {isa = PBXBuildFile; fileRef = 50865BC01AF449B4009F4B70 /* ViewController.m */; };
		50865BC41AF449B4009F4B70 /* Main.storyboard in Resources */ = {isa = PBXBuildFile; fileRef = 50865BC21AF449B4009F4B70 /* Main.storyboard */; };
		50865BC61AF449B4009F4B70 /* Images.xcassets in Resources */ = {isa = PBXBuildFile; fileRef = 50865BC51AF449B4009F4B70 /* Images.xcassets */; };
		50865BC91AF449B4009F4B70 /* LaunchScreen.xib in Resources */ = {isa = PBXBuildFile; fileRef = 50865BC71AF449B4009F4B70 /* LaunchScreen.xib */; };
		50865BD51AF449B4009F4B70 /* babynoteTests.m in Sources */ = {isa = PBXBuildFile; fileRef = 50865BD41AF449B4009F4B70 /* babynoteTests.m */; };
/* End PBXBuildFile section */

/* Begin PBXContainerItemProxy section */
		50865BCF1AF449B4009F4B70 /* PBXContainerItemProxy */ = {
			isa = PBXContainerItemProxy;
			containerPortal = 50865BAA1AF449B4009F4B70 /* Project object */;
			proxyType = 1;
			remoteGlobalIDString = 50865BB11AF449B4009F4B70;
			remoteInfo = babynote;
		};
/* End PBXContainerItemProxy section */

/* Begin PBXFileReference section */
		50865BB21AF449B4009F4B70 /* babynote.app */ = {isa = PBXFileReference; explicitFileType = wrapper.application; includeInIndex = 0; path = babynote.app; sourceTree = BUILT_PRODUCTS_DIR; };
		50865BB61AF449B4009F4B70 /* Info.plist */ = {isa = PBXFileReference; lastKnownFileType = text.plist.xml; path = Info.plist; sourceTree = "<group>"; };
		50865BB71AF449B4009F4B70 /* main.m */ = {isa = PBXFileReference; lastKnownFileType = sourcecode.c.objc; path = main.m; sourceTree = "<group>"; };
		50865BB91AF449B4009F4B70 /* AppDelegate.h */ = {isa = PBXFileReference; lastKnownFileType = sourcecode.c.h; path = AppDelegate.h; sourceTree = "<group>"; };
		50865BBA1AF449B4009F4B70 /* AppDelegate.m */ = {isa = PBXFileReference; lastKnownFileType = sourcecode.c.objc; path = AppDelegate.m; sourceTree = "<group>"; };
		50865BBD1AF449B4009F4B70 /* babynote.xcdatamodel */ = {isa = PBXFileReference; lastKnownFileType = wrapper.xcdatamodel; path = babynote.xcdatamodel; sourceTree = "<group>"; };
		50865BBF1AF449B4009F4B70 /* ViewController.h */ = {isa = PBXFileReference; lastKnownFileType = sourcecode.c.h; path = ViewController.h; sourceTree = "<group>"; };
		50865BC01AF449B4009F4B70 /* ViewController.m */ = {isa = PBXFileReference; lastKnownFileType = sourcecode.c.objc; path = ViewController.m; sourceTree = "<group>"; };
		50865BC31AF449B4009F4B70 /* Base */ = {isa = PBXFileReference; lastKnownFileType = file.storyboard; name = Base; path = Base.lproj/Main.storyboard; sourceTree = "<group>"; };
		50865BC51AF449B4009F4B70 /* Images.xcassets */ = {isa = PBXFileReference; lastKnownFileType = folder.assetcatalog; path = Images.xcassets; sourceTree = "<group>"; };
		50865BC81AF449B4009F4B70 /* Base */ = {isa = PBXFileReference; lastKnownFileType = file.xib; name = Base; path = Base.lproj/LaunchScreen.xib; sourceTree = "<group>"; };
		50865BCE1AF449B4009F4B70 /* babynoteTests.xctest */ = {isa = PBXFileReference; explicitFileType = wrapper.cfbundle; includeInIndex = 0; path = babynoteTests.xctest; sourceTree = BUILT_PRODUCTS_DIR; };
		50865BD31AF449B4009F4B70 /* Info.plist */ = {isa = PBXFileReference; lastKnownFileType = text.plist.xml; path = Info.plist; sourceTree = "<group>"; };
		50865BD41AF449B4009F4B70 /* babynoteTests.m */ = {isa = PBXFileReference; lastKnownFileType = sourcecode.c.objc; path = babynoteTests.m; sourceTree = "<group>"; };
/* End PBXFileReference section */

/* Begin PBXFrameworksBuildPhase section */
		50865BAF1AF449B4009F4B70 /* Frameworks */ = {
			isa = PBXFrameworksBuildPhase;
			buildActionMask = 2147483647;
			files = (
			);
			runOnlyForDeploymentPostprocessing = 0;
		};
		50865BCB1AF449B4009F4B70 /* Frameworks */ = {
			isa = PBXFrameworksBuildPhase;
			buildActionMask = 2147483647;
			files = (
			);
			runOnlyForDeploymentPostprocessing = 0;
		};
/* End PBXFrameworksBuildPhase section */

/* Begin PBXGroup section */
		50865BA91AF449B4009F4B70 = {
			isa = PBXGroup;
			children = (
				50865BB41AF449B4009F4B70 /* babynote */,
				50865BD11AF449B4009F4B70 /* babynoteTests */,
				50865BB31AF449B4009F4B70 /* Products */,
			);
			sourceTree = "<group>";
		};
		50865BB31AF449B4009F4B70 /* Products */ = {
			isa = PBXGroup;
			children = (
				50865BB21AF449B4009F4B70 /* babynote.app */,
				50865BCE1AF449B4009F4B70 /* babynoteTests.xctest */,
			);
			name = Products;
			sourceTree = "<group>";
		};
		50865BB41AF449B4009F4B70 /* babynote */ = {
			isa = PBXGroup;
			children = (
				50865BB91AF449B4009F4B70 /* AppDelegate.h */,
				50865BBA1AF449B4009F4B70 /* AppDelegate.m */,
				50865BBF1AF449B4009F4B70 /* ViewController.h */,
				50865BC01AF449B4009F4B70 /* ViewController.m */,
				50865BC21AF449B4009F4B70 /* Main.storyboard */,
				50865BC51AF449B4009F4B70 /* Images.xcassets */,
				50865BC71AF449B4009F4B70 /* LaunchScreen.xib */,
				50865BBC1AF449B4009F4B70 /* babynote.xcdatamodeld */,
				50865BB51AF449B4009F4B70 /* Supporting Files */,
			);
			path = babynote;
			sourceTree = "<group>";
		};
		50865BB51AF449B4009F4B70 /* Supporting Files */ = {
			isa = PBXGroup;
			children = (
				50865BB61AF449B4009F4B70 /* Info.plist */,
				50865BB71AF449B4009F4B70 /* main.m */,
			);
			name = "Supporting Files";
			sourceTree = "<group>";
		};
		50865BD11AF449B4009F4B70 /* babynoteTests */ = {
			isa = PBXGroup;
			children = (
				50865BD41AF449B4009F4B70 /* babynoteTests.m */,
				50865BD21AF449B4009F4B70 /* Supporting Files */,
			);
			path = babynoteTests;
			sourceTree = "<group>";
		};
		50865BD21AF449B4009F4B70 /* Supporting Files */ = {
			isa = PBXGroup;
			children = (
				50865BD31AF449B4009F4B70 /* Info.plist */,
			);
			name = "Supporting Files";
			sourceTree = "<group>";
		};
/* End PBXGroup section */

/* Begin PBXNativeTarget section */
		50865BB11AF449B4009F4B70 /* babynote */ = {
			isa = PBXNativeTarget;
			buildConfigurationList = 50865BD81AF449B4009F4B70 /* Build configuration list for PBXNativeTarget "babynote" */;
			buildPhases = (
				50865BAE1AF449B4009F4B70 /* Sources */,
				50865BAF1AF449B4009F4B70 /* Frameworks */,
				50865BB01AF449B4009F4B70 /* Resources */,
			);
			buildRules = (
			);
			dependencies = (
			);
			name = babynote;
			productName = babynote;
			productReference = 50865BB21AF449B4009F4B70 /* babynote.app */;
			productType = "com.apple.product-type.application";
		};
		50865BCD1AF449B4009F4B70 /* babynoteTests */ = {
			isa = PBXNativeTarget;
			buildConfigurationList = 50865BDB1AF449B4009F4B70 /* Build configuration list for PBXNativeTarget "babynoteTests" */;
			buildPhases = (
				50865BCA1AF449B4009F4B70 /* Sources */,
				50865BCB1AF449B4009F4B70 /* Frameworks */,
				50865BCC1AF449B4009F4B70 /* Resources */,
			);
			buildRules = (
			);
			dependencies = (
				50865BD01AF449B4009F4B70 /* PBXTargetDependency */,
			);
			name = babynoteTests;
			productName = babynoteTests;
			productReference = 50865BCE1AF449B4009F4B70 /* babynoteTests.xctest */;
			productType = "com.apple.product-type.bundle.unit-test";
		};
/* End PBXNativeTarget section */

/* Begin PBXProject section */
		50865BAA1AF449B4009F4B70 /* Project object */ = {
			isa = PBXProject;
			attributes = {
				LastUpgradeCheck = 0610;
				ORGANIZATIONNAME = peachboy;
				TargetAttributes = {
					50865BB11AF449B4009F4B70 = {
						CreatedOnToolsVersion = 6.1.1;
					};
					50865BCD1AF449B4009F4B70 = {
						CreatedOnToolsVersion = 6.1.1;
						TestTargetID = 50865BB11AF449B4009F4B70;
					};
				};
			};
			buildConfigurationList = 50865BAD1AF449B4009F4B70 /* Build configuration list for PBXProject "babynote" */;
			compatibilityVersion = "Xcode 3.2";
			developmentRegion = English;
			hasScannedForEncodings = 0;
			knownRegions = (
				en,
				Base,
			);
			mainGroup = 50865BA91AF449B4009F4B70;
			productRefGroup = 50865BB31AF449B4009F4B70 /* Products */;
			projectDirPath = "";
			projectRoot = "";
			targets = (
				50865BB11AF449B4009F4B70 /* babynote */,
				50865BCD1AF449B4009F4B70 /* babynoteTests */,
			);
		};
/* End PBXProject section */

/* Begin PBXResourcesBuildPhase section */
		50865BB01AF449B4009F4B70 /* Resources */ = {
			isa = PBXResourcesBuildPhase;
			buildActionMask = 2147483647;
			files = (
				50865BC41AF449B4009F4B70 /* Main.storyboard in Resources */,
				50865BC91AF449B4009F4B70 /* LaunchScreen.xib in Resources */,
				50865BC61AF449B4009F4B70 /* Images.xcassets in Resources */,
			);
			runOnlyForDeploymentPostprocessing = 0;
		};
		50865BCC1AF449B4009F4B70 /* Resources */ = {
			isa = PBXResourcesBuildPhase;
			buildActionMask = 2147483647;
			files = (
			);
			runOnlyForDeploymentPostprocessing = 0;
		};
/* End PBXResourcesBuildPhase section */

/* Begin PBXSourcesBuildPhase section */
		50865BAE1AF449B4009F4B70 /* Sources */ = {
			isa = PBXSourcesBuildPhase;
			buildActionMask = 2147483647;
			files = (
				50865BBB1AF449B4009F4B70 /* AppDelegate.m in Sources */,
				50865BBE1AF449B4009F4B70 /* babynote.xcdatamodeld in Sources */,
				50865BC11AF449B4009F4B70 /* ViewController.m in Sources */,
				50865BB81AF449B4009F4B70 /* main.m in Sources */,
			);
			runOnlyForDeploymentPostprocessing = 0;
		};
		50865BCA1AF449B4009F4B70 /* Sources */ = {
			isa = PBXSourcesBuildPhase;
			buildActionMask = 2147483647;
			files = (
				50865BD51AF449B4009F4B70 /* babynoteTests.m in Sources */,
			);
			runOnlyForDeploymentPostprocessing = 0;
		};
/* End PBXSourcesBuildPhase section */

/* Begin PBXTargetDependency section */
		50865BD01AF449B4009F4B70 /* PBXTargetDependency */ = {
			isa = PBXTargetDependency;
			target = 50865BB11AF449B4009F4B70 /* babynote */;
			targetProxy = 50865BCF1AF449B4009F4B70 /* PBXContainerItemProxy */;
		};
/* End PBXTargetDependency section */

/* Begin PBXVariantGroup section */
		50865BC21AF449B4009F4B70 /* Main.storyboard */ = {
			isa = PBXVariantGroup;
			children = (
				50865BC31AF449B4009F4B70 /* Base */,
			);
			name = Main.storyboard;
			sourceTree = "<group>";
		};
		50865BC71AF449B4009F4B70 /* LaunchScreen.xib */ = {
			isa = PBXVariantGroup;
			children = (
				50865BC81AF449B4009F4B70 /* Base */,
			);
			name = LaunchScreen.xib;
			sourceTree = "<group>";
		};
/* End PBXVariantGroup section */

/* Begin XCBuildConfiguration section */
		50865BD61AF449B4009F4B70 /* Debug */ = {
			isa = XCBuildConfiguration;
			buildSettings = {
				ALWAYS_SEARCH_USER_PATHS = NO;
				CLANG_CXX_LANGUAGE_STANDARD = "gnu++0x";
				CLANG_CXX_LIBRARY = "libc++";
				CLANG_ENABLE_MODULES = YES;
				CLANG_ENABLE_OBJC_ARC = YES;
				CLANG_WARN_BOOL_CONVERSION = YES;
				CLANG_WARN_CONSTANT_CONVERSION = YES;
				CLANG_WARN_DIRECT_OBJC_ISA_USAGE = YES_ERROR;
				CLANG_WARN_EMPTY_BODY = YES;
				CLANG_WARN_ENUM_CONVERSION = YES;
				CLANG_WARN_INT_CONVERSION = YES;
				CLANG_WARN_OBJC_ROOT_CLASS = YES_ERROR;
				CLANG_WARN_UNREACHABLE_CODE = YES;
				CLANG_WARN__DUPLICATE_METHOD_MATCH = YES;
				"CODE_SIGN_IDENTITY[sdk=iphoneos*]" = "iPhone Developer";
				COPY_PHASE_STRIP = NO;
				ENABLE_STRICT_OBJC_MSGSEND = YES;
				GCC_C_LANGUAGE_STANDARD = gnu99;
				GCC_DYNAMIC_NO_PIC = NO;
				GCC_OPTIMIZATION_LEVEL = 0;
				GCC_PREPROCESSOR_DEFINITIONS = (
					"DEBUG=1",
					"$(inherited)",
				);
				GCC_SYMBOLS_PRIVATE_EXTERN = NO;
				GCC_WARN_64_TO_32_BIT_CONVERSION = YES;
				GCC_WARN_ABOUT_RETURN_TYPE = YES_ERROR;
				GCC_WARN_UNDECLARED_SELECTOR = YES;
				GCC_WARN_UNINITIALIZED_AUTOS = YES_AGGRESSIVE;
				GCC_WARN_UNUSED_FUNCTION = YES;
				GCC_WARN_UNUSED_VARIABLE = YES;
				IPHONEOS_DEPLOYMENT_TARGET = 8.1;
				MTL_ENABLE_DEBUG_INFO = YES;
				ONLY_ACTIVE_ARCH = YES;
				SDKROOT = iphoneos;
			};
			name = Debug;
		};
		50865BD71AF449B4009F4B70 /* Release */ = {
			isa = XCBuildConfiguration;
			buildSettings = {
				ALWAYS_SEARCH_USER_PATHS = NO;
				CLANG_CXX_LANGUAGE_STANDARD = "gnu++0x";
				CLANG_CXX_LIBRARY = "libc++";
				CLANG_ENABLE_MODULES = YES;
				CLANG_ENABLE_OBJC_ARC = YES;
				CLANG_WARN_BOOL_CONVERSION = YES;
				CLANG_WARN_CONSTANT_CONVERSION = YES;
				CLANG_WARN_DIRECT_OBJC_ISA_USAGE = YES_ERROR;
				CLANG_WARN_EMPTY_BODY = YES;
				CLANG_WARN_ENUM_CONVERSION = YES;
				CLANG_WARN_INT_CONVERSION = YES;
				CLANG_WARN_OBJC_ROOT_CLASS = YES_ERROR;
				CLANG_WARN_UNREACHABLE_CODE = YES;
				CLANG_WARN__DUPLICATE_METHOD_MATCH = YES;
				"CODE_SIGN_IDENTITY[sdk=iphoneos*]" = "iPhone Developer";
				COPY_PHASE_STRIP = YES;
				ENABLE_NS_ASSERTIONS = NO;
				ENABLE_STRICT_OBJC_MSGSEND = YES;
				GCC_C_LANGUAGE_STANDARD = gnu99;
				GCC_WARN_64_TO_32_BIT_CONVERSION = YES;
				GCC_WARN_ABOUT_RETURN_TYPE = YES_ERROR;
				GCC_WARN_UNDECLARED_SELECTOR = YES;
				GCC_WARN_UNINITIALIZED_AUTOS = YES_AGGRESSIVE;
				GCC_WARN_UNUSED_FUNCTION = YES;
				GCC_WARN_UNUSED_VARIABLE = YES;
				IPHONEOS_DEPLOYMENT_TARGET = 8.1;
				MTL_ENABLE_DEBUG_INFO = NO;
				SDKROOT = iphoneos;
				VALIDATE_PRODUCT = YES;
			};
			name = Release;
		};
		50865BD91AF449B4009F4B70 /* Debug */ = {
			isa = XCBuildConfiguration;
			buildSettings = {
				ASSETCATALOG_COMPILER_APPICON_NAME = AppIcon;
				INFOPLIST_FILE = babynote/Info.plist;
				LD_RUNPATH_SEARCH_PATHS = "$(inherited) @executable_path/Frameworks";
				PRODUCT_NAME = "$(TARGET_NAME)";
			};
			name = Debug;
		};
		50865BDA1AF449B4009F4B70 /* Release */ = {
			isa = XCBuildConfiguration;
			buildSettings = {
				ASSETCATALOG_COMPILER_APPICON_NAME = AppIcon;
				INFOPLIST_FILE = babynote/Info.plist;
				LD_RUNPATH_SEARCH_PATHS = "$(inherited) @executable_path/Frameworks";
				PRODUCT_NAME = "$(TARGET_NAME)";
			};
			name = Release;
		};
		50865BDC1AF449B4009F4B70 /* Debug */ = {
			isa = XCBuildConfiguration;
			buildSettings = {
				BUNDLE_LOADER = "$(TEST_HOST)";
				FRAMEWORK_SEARCH_PATHS = (
					"$(SDKROOT)/Developer/Library/Frameworks",
					"$(inherited)",
				);
				GCC_PREPROCESSOR_DEFINITIONS = (
					"DEBUG=1",
					"$(inherited)",
				);
				INFOPLIST_FILE = babynoteTests/Info.plist;
				LD_RUNPATH_SEARCH_PATHS = "$(inherited) @executable_path/Frameworks @loader_path/Frameworks";
				PRODUCT_NAME = "$(TARGET_NAME)";
				TEST_HOST = "$(BUILT_PRODUCTS_DIR)/babynote.app/babynote";
			};
			name = Debug;
		};
		50865BDD1AF449B4009F4B70 /* Release */ = {
			isa = XCBuildConfiguration;
			buildSettings = {
				BUNDLE_LOADER = "$(TEST_HOST)";
				FRAMEWORK_SEARCH_PATHS = (
					"$(SDKROOT)/Developer/Library/Frameworks",
					"$(inherited)",
				);
				INFOPLIST_FILE = babynoteTests/Info.plist;
				LD_RUNPATH_SEARCH_PATHS = "$(inherited) @executable_path/Frameworks @loader_path/Frameworks";
				PRODUCT_NAME = "$(TARGET_NAME)";
				TEST_HOST = "$(BUILT_PRODUCTS_DIR)/babynote.app/babynote";
			};
			name = Release;
		};
/* End XCBuildConfiguration section */

/* Begin XCConfigurationList section */
		50865BAD1AF449B4009F4B70 /* Build configuration list for PBXProject "babynote" */ = {
			isa = XCConfigurationList;
			buildConfigurations = (
				50865BD61AF449B4009F4B70 /* Debug */,
				50865BD71AF449B4009F4B70 /* Release */,
			);
			defaultConfigurationIsVisible = 0;
			defaultConfigurationName = Release;
		};
		50865BD81AF449B4009F4B70 /* Build configuration list for PBXNativeTarget "babynote" */ = {
			isa = XCConfigurationList;
			buildConfigurations = (
				50865BD91AF449B4009F4B70 /* Debug */,
				50865BDA1AF449B4009F4B70 /* Release */,
			);
			defaultConfigurationIsVisible = 0;
		};
		50865BDB1AF449B4009F4B70 /* Build configuration list for PBXNativeTarget "babynoteTests" */ = {
			isa = XCConfigurationList;
			buildConfigurations = (
				50865BDC1AF449B4009F4B70 /* Debug */,
				50865BDD1AF449B4009F4B70 /* Release */,
			);
			defaultConfigurationIsVisible = 0;
		};
/* End XCConfigurationList section */

/* Begin XCVersionGroup section */
		50865BBC1AF449B4009F4B70 /* babynote.xcdatamodeld */ = {
			isa = XCVersionGroup;
			children = (
				50865BBD1AF449B4009F4B70 /* babynote.xcdatamodel */,
			);
			currentVersion = 50865BBD1AF449B4009F4B70 /* babynote.xcdatamodel */;
			path = babynote.xcdatamodeld;
			sourceTree = "<group>";
			versionGroupType = wrapper.xcdatamodel;
		};
/* End XCVersionGroup section */
	};
	rootObject = 50865BAA1AF449B4009F4B70 /* Project object */;
}
