// !$*UTF8*$!
{
	archiveVersion = 1;
	classes = {
	};
	objectVersion = 46;
	objects = {

/* Begin PBXBuildFile section */
		50865B801AF44945009F4B70 /* main.m in Sources */ = {isa = PBXBuildFile; fileRef = 50865B7F1AF44945009F4B70 /* main.m */; };
		50865B831AF44945009F4B70 /* AppDelegate.m in Sources */ = {isa = PBXBuildFile; fileRef = 50865B821AF44945009F4B70 /* AppDelegate.m */; };
		50865B861AF44945009F4B70 /* babaynote.xcdatamodeld in Sources */ = {isa = PBXBuildFile; fileRef = 50865B841AF44945009F4B70 /* babaynote.xcdatamodeld */; };
		50865B891AF44945009F4B70 /* MasterViewController.m in Sources */ = {isa = PBXBuildFile; fileRef = 50865B881AF44945009F4B70 /* MasterViewController.m */; };
		50865B8C1AF44945009F4B70 /* DetailViewController.m in Sources */ = {isa = PBXBuildFile; fileRef = 50865B8B1AF44945009F4B70 /* DetailViewController.m */; };
		50865B8F1AF44945009F4B70 /* Main.storyboard in Resources */ = {isa = PBXBuildFile; fileRef = 50865B8D1AF44945009F4B70 /* Main.storyboard */; };
		50865B911AF44945009F4B70 /* Images.xcassets in Resources */ = {isa = PBXBuildFile; fileRef = 50865B901AF44945009F4B70 /* Images.xcassets */; };
		50865B941AF44945009F4B70 /* LaunchScreen.xib in Resources */ = {isa = PBXBuildFile; fileRef = 50865B921AF44945009F4B70 /* LaunchScreen.xib */; };
		50865BA01AF44945009F4B70 /* babaynoteTests.m in Sources */ = {isa = PBXBuildFile; fileRef = 50865B9F1AF44945009F4B70 /* babaynoteTests.m */; };
/* End PBXBuildFile section */

/* Begin PBXContainerItemProxy section */
		50865B9A1AF44945009F4B70 /* PBXContainerItemProxy */ = {
			isa = PBXContainerItemProxy;
			containerPortal = 50865B721AF44945009F4B70 /* Project object */;
			proxyType = 1;
			remoteGlobalIDString = 50865B791AF44945009F4B70;
			remoteInfo = babaynote;
		};
/* End PBXContainerItemProxy section */

/* Begin PBXFileReference section */
		50865B7A1AF44945009F4B70 /* babaynote.app */ = {isa = PBXFileReference; explicitFileType = wrapper.application; includeInIndex = 0; path = babaynote.app; sourceTree = BUILT_PRODUCTS_DIR; };
		50865B7E1AF44945009F4B70 /* Info.plist */ = {isa = PBXFileReference; lastKnownFileType = text.plist.xml; path = Info.plist; sourceTree = "<group>"; };
		50865B7F1AF44945009F4B70 /* main.m */ = {isa = PBXFileReference; lastKnownFileType = sourcecode.c.objc; path = main.m; sourceTree = "<group>"; };
		50865B811AF44945009F4B70 /* AppDelegate.h */ = {isa = PBXFileReference; lastKnownFileType = sourcecode.c.h; path = AppDelegate.h; sourceTree = "<group>"; };
		50865B821AF44945009F4B70 /* AppDelegate.m */ = {isa = PBXFileReference; lastKnownFileType = sourcecode.c.objc; path = AppDelegate.m; sourceTree = "<group>"; };
		50865B851AF44945009F4B70 /* babaynote.xcdatamodel */ = {isa = PBXFileReference; lastKnownFileType = wrapper.xcdatamodel; path = babaynote.xcdatamodel; sourceTree = "<group>"; };
		50865B871AF44945009F4B70 /* MasterViewController.h */ = {isa = PBXFileReference; lastKnownFileType = sourcecode.c.h; path = MasterViewController.h; sourceTree = "<group>"; };
		50865B881AF44945009F4B70 /* MasterViewController.m */ = {isa = PBXFileReference; lastKnownFileType = sourcecode.c.objc; path = MasterViewController.m; sourceTree = "<group>"; };
		50865B8A1AF44945009F4B70 /* DetailViewController.h */ = {isa = PBXFileReference; lastKnownFileType = sourcecode.c.h; path = DetailViewController.h; sourceTree = "<group>"; };
		50865B8B1AF44945009F4B70 /* DetailViewController.m */ = {isa = PBXFileReference; lastKnownFileType = sourcecode.c.objc; path = DetailViewController.m; sourceTree = "<group>"; };
		50865B8E1AF44945009F4B70 /* Base */ = {isa = PBXFileReference; lastKnownFileType = file.storyboard; name = Base; path = Base.lproj/Main.storyboard; sourceTree = "<group>"; };
		50865B901AF44945009F4B70 /* Images.xcassets */ = {isa = PBXFileReference; lastKnownFileType = folder.assetcatalog; path = Images.xcassets; sourceTree = "<group>"; };
		50865B931AF44945009F4B70 /* Base */ = {isa = PBXFileReference; lastKnownFileType = file.xib; name = Base; path = Base.lproj/LaunchScreen.xib; sourceTree = "<group>"; };
		50865B991AF44945009F4B70 /* babaynoteTests.xctest */ = {isa = PBXFileReference; explicitFileType = wrapper.cfbundle; includeInIndex = 0; path = babaynoteTests.xctest; sourceTree = BUILT_PRODUCTS_DIR; };
		50865B9E1AF44945009F4B70 /* Info.plist */ = {isa = PBXFileReference; lastKnownFileType = text.plist.xml; path = Info.plist; sourceTree = "<group>"; };
		50865B9F1AF44945009F4B70 /* babaynoteTests.m */ = {isa = PBXFileReference; lastKnownFileType = sourcecode.c.objc; path = babaynoteTests.m; sourceTree = "<group>"; };
/* End PBXFileReference section */

/* Begin PBXFrameworksBuildPhase section */
		50865B771AF44945009F4B70 /* Frameworks */ = {
			isa = PBXFrameworksBuildPhase;
			buildActionMask = 2147483647;
			files = (
			);
			runOnlyForDeploymentPostprocessing = 0;
		};
		50865B961AF44945009F4B70 /* Frameworks */ = {
			isa = PBXFrameworksBuildPhase;
			buildActionMask = 2147483647;
			files = (
			);
			runOnlyForDeploymentPostprocessing = 0;
		};
/* End PBXFrameworksBuildPhase section */

/* Begin PBXGroup section */
		50865B711AF44945009F4B70 = {
			isa = PBXGroup;
			children = (
				50865B7C1AF44945009F4B70 /* babaynote */,
				50865B9C1AF44945009F4B70 /* babaynoteTests */,
				50865B7B1AF44945009F4B70 /* Products */,
			);
			sourceTree = "<group>";
		};
		50865B7B1AF44945009F4B70 /* Products */ = {
			isa = PBXGroup;
			children = (
				50865B7A1AF44945009F4B70 /* babaynote.app */,
				50865B991AF44945009F4B70 /* babaynoteTests.xctest */,
			);
			name = Products;
			sourceTree = "<group>";
		};
		50865B7C1AF44945009F4B70 /* babaynote */ = {
			isa = PBXGroup;
			children = (
				50865B811AF44945009F4B70 /* AppDelegate.h */,
				50865B821AF44945009F4B70 /* AppDelegate.m */,
				50865B871AF44945009F4B70 /* MasterViewController.h */,
				50865B881AF44945009F4B70 /* MasterViewController.m */,
				50865B8A1AF44945009F4B70 /* DetailViewController.h */,
				50865B8B1AF44945009F4B70 /* DetailViewController.m */,
				50865B8D1AF44945009F4B70 /* Main.storyboard */,
				50865B901AF44945009F4B70 /* Images.xcassets */,
				50865B921AF44945009F4B70 /* LaunchScreen.xib */,
				50865B841AF44945009F4B70 /* babaynote.xcdatamodeld */,
				50865B7D1AF44945009F4B70 /* Supporting Files */,
			);
			path = babaynote;
			sourceTree = "<group>";
		};
		50865B7D1AF44945009F4B70 /* Supporting Files */ = {
			isa = PBXGroup;
			children = (
				50865B7E1AF44945009F4B70 /* Info.plist */,
				50865B7F1AF44945009F4B70 /* main.m */,
			);
			name = "Supporting Files";
			sourceTree = "<group>";
		};
		50865B9C1AF44945009F4B70 /* babaynoteTests */ = {
			isa = PBXGroup;
			children = (
				50865B9F1AF44945009F4B70 /* babaynoteTests.m */,
				50865B9D1AF44945009F4B70 /* Supporting Files */,
			);
			path = babaynoteTests;
			sourceTree = "<group>";
		};
		50865B9D1AF44945009F4B70 /* Supporting Files */ = {
			isa = PBXGroup;
			children = (
				50865B9E1AF44945009F4B70 /* Info.plist */,
			);
			name = "Supporting Files";
			sourceTree = "<group>";
		};
/* End PBXGroup section */

/* Begin PBXNativeTarget section */
		50865B791AF44945009F4B70 /* babaynote */ = {
			isa = PBXNativeTarget;
			buildConfigurationList = 50865BA31AF44945009F4B70 /* Build configuration list for PBXNativeTarget "babaynote" */;
			buildPhases = (
				50865B761AF44945009F4B70 /* Sources */,
				50865B771AF44945009F4B70 /* Frameworks */,
				50865B781AF44945009F4B70 /* Resources */,
			);
			buildRules = (
			);
			dependencies = (
			);
			name = babaynote;
			productName = babaynote;
			productReference = 50865B7A1AF44945009F4B70 /* babaynote.app */;
			productType = "com.apple.product-type.application";
		};
		50865B981AF44945009F4B70 /* babaynoteTests */ = {
			isa = PBXNativeTarget;
			buildConfigurationList = 50865BA61AF44945009F4B70 /* Build configuration list for PBXNativeTarget "babaynoteTests" */;
			buildPhases = (
				50865B951AF44945009F4B70 /* Sources */,
				50865B961AF44945009F4B70 /* Frameworks */,
				50865B971AF44945009F4B70 /* Resources */,
			);
			buildRules = (
			);
			dependencies = (
				50865B9B1AF44945009F4B70 /* PBXTargetDependency */,
			);
			name = babaynoteTests;
			productName = babaynoteTests;
			productReference = 50865B991AF44945009F4B70 /* babaynoteTests.xctest */;
			productType = "com.apple.product-type.bundle.unit-test";
		};
/* End PBXNativeTarget section */

/* Begin PBXProject section */
		50865B721AF44945009F4B70 /* Project object */ = {
			isa = PBXProject;
			attributes = {
				LastUpgradeCheck = 0610;
				ORGANIZATIONNAME = peachboy;
				TargetAttributes = {
					50865B791AF44945009F4B70 = {
						CreatedOnToolsVersion = 6.1.1;
					};
					50865B981AF44945009F4B70 = {
						CreatedOnToolsVersion = 6.1.1;
						TestTargetID = 50865B791AF44945009F4B70;
					};
				};
			};
			buildConfigurationList = 50865B751AF44945009F4B70 /* Build configuration list for PBXProject "babaynote" */;
			compatibilityVersion = "Xcode 3.2";
			developmentRegion = English;
			hasScannedForEncodings = 0;
			knownRegions = (
				en,
				Base,
			);
			mainGroup = 50865B711AF44945009F4B70;
			productRefGroup = 50865B7B1AF44945009F4B70 /* Products */;
			projectDirPath = "";
			projectRoot = "";
			targets = (
				50865B791AF44945009F4B70 /* babaynote */,
				50865B981AF44945009F4B70 /* babaynoteTests */,
			);
		};
/* End PBXProject section */

/* Begin PBXResourcesBuildPhase section */
		50865B781AF44945009F4B70 /* Resources */ = {
			isa = PBXResourcesBuildPhase;
			buildActionMask = 2147483647;
			files = (
				50865B8F1AF44945009F4B70 /* Main.storyboard in Resources */,
				50865B941AF44945009F4B70 /* LaunchScreen.xib in Resources */,
				50865B911AF44945009F4B70 /* Images.xcassets in Resources */,
			);
			runOnlyForDeploymentPostprocessing = 0;
		};
		50865B971AF44945009F4B70 /* Resources */ = {
			isa = PBXResourcesBuildPhase;
			buildActionMask = 2147483647;
			files = (
			);
			runOnlyForDeploymentPostprocessing = 0;
		};
/* End PBXResourcesBuildPhase section */

/* Begin PBXSourcesBuildPhase section */
		50865B761AF44945009F4B70 /* Sources */ = {
			isa = PBXSourcesBuildPhase;
			buildActionMask = 2147483647;
			files = (
				50865B8C1AF44945009F4B70 /* DetailViewController.m in Sources */,
				50865B891AF44945009F4B70 /* MasterViewController.m in Sources */,
				50865B861AF44945009F4B70 /* babaynote.xcdatamodeld in Sources */,
				50865B831AF44945009F4B70 /* AppDelegate.m in Sources */,
				50865B801AF44945009F4B70 /* main.m in Sources */,
			);
			runOnlyForDeploymentPostprocessing = 0;
		};
		50865B951AF44945009F4B70 /* Sources */ = {
			isa = PBXSourcesBuildPhase;
			buildActionMask = 2147483647;
			files = (
				50865BA01AF44945009F4B70 /* babaynoteTests.m in Sources */,
			);
			runOnlyForDeploymentPostprocessing = 0;
		};
/* End PBXSourcesBuildPhase section */

/* Begin PBXTargetDependency section */
		50865B9B1AF44945009F4B70 /* PBXTargetDependency */ = {
			isa = PBXTargetDependency;
			target = 50865B791AF44945009F4B70 /* babaynote */;
			targetProxy = 50865B9A1AF44945009F4B70 /* PBXContainerItemProxy */;
		};
/* End PBXTargetDependency section */

/* Begin PBXVariantGroup section */
		50865B8D1AF44945009F4B70 /* Main.storyboard */ = {
			isa = PBXVariantGroup;
			children = (
				50865B8E1AF44945009F4B70 /* Base */,
			);
			name = Main.storyboard;
			sourceTree = "<group>";
		};
		50865B921AF44945009F4B70 /* LaunchScreen.xib */ = {
			isa = PBXVariantGroup;
			children = (
				50865B931AF44945009F4B70 /* Base */,
			);
			name = LaunchScreen.xib;
			sourceTree = "<group>";
		};
/* End PBXVariantGroup section */

/* Begin XCBuildConfiguration section */
		50865BA11AF44945009F4B70 /* Debug */ = {
			isa = XCBuildConfiguration;
			buildSettings = {
				ALWAYS_SEARCH_USER_PATHS = NO;
				CLANG_CXX_LANGUAGE_STANDARD = "gnu++0x";
				CLANG_CXX_LIBRARY = "libc++";
				CLANG_ENABLE_MODULES = YES;
				CLANG_ENABLE_OBJC_ARC = YES;
				CLANG_WARN_BOOL_CONVERSION = YES;
				CLANG_WARN_CONSTANT_CONVERSION = YES;
				CLANG_WARN_DIRECT_OBJC_ISA_USAGE = YES_ERROR;
				CLANG_WARN_EMPTY_BODY = YES;
				CLANG_WARN_ENUM_CONVERSION = YES;
				CLANG_WARN_INT_CONVERSION = YES;
				CLANG_WARN_OBJC_ROOT_CLASS = YES_ERROR;
				CLANG_WARN_UNREACHABLE_CODE = YES;
				CLANG_WARN__DUPLICATE_METHOD_MATCH = YES;
				"CODE_SIGN_IDENTITY[sdk=iphoneos*]" = "iPhone Developer";
				COPY_PHASE_STRIP = NO;
				ENABLE_STRICT_OBJC_MSGSEND = YES;
				GCC_C_LANGUAGE_STANDARD = gnu99;
				GCC_DYNAMIC_NO_PIC = NO;
				GCC_OPTIMIZATION_LEVEL = 0;
				GCC_PREPROCESSOR_DEFINITIONS = (
					"DEBUG=1",
					"$(inherited)",
				);
				GCC_SYMBOLS_PRIVATE_EXTERN = NO;
				GCC_WARN_64_TO_32_BIT_CONVERSION = YES;
				GCC_WARN_ABOUT_RETURN_TYPE = YES_ERROR;
				GCC_WARN_UNDECLARED_SELECTOR = YES;
				GCC_WARN_UNINITIALIZED_AUTOS = YES_AGGRESSIVE;
				GCC_WARN_UNUSED_FUNCTION = YES;
				GCC_WARN_UNUSED_VARIABLE = YES;
				IPHONEOS_DEPLOYMENT_TARGET = 8.1;
				MTL_ENABLE_DEBUG_INFO = YES;
				ONLY_ACTIVE_ARCH = YES;
				SDKROOT = iphoneos;
			};
			name = Debug;
		};
		50865BA21AF44945009F4B70 /* Release */ = {
			isa = XCBuildConfiguration;
			buildSettings = {
				ALWAYS_SEARCH_USER_PATHS = NO;
				CLANG_CXX_LANGUAGE_STANDARD = "gnu++0x";
				CLANG_CXX_LIBRARY = "libc++";
				CLANG_ENABLE_MODULES = YES;
				CLANG_ENABLE_OBJC_ARC = YES;
				CLANG_WARN_BOOL_CONVERSION = YES;
				CLANG_WARN_CONSTANT_CONVERSION = YES;
				CLANG_WARN_DIRECT_OBJC_ISA_USAGE = YES_ERROR;
				CLANG_WARN_EMPTY_BODY = YES;
				CLANG_WARN_ENUM_CONVERSION = YES;
				CLANG_WARN_INT_CONVERSION = YES;
				CLANG_WARN_OBJC_ROOT_CLASS = YES_ERROR;
				CLANG_WARN_UNREACHABLE_CODE = YES;
				CLANG_WARN__DUPLICATE_METHOD_MATCH = YES;
				"CODE_SIGN_IDENTITY[sdk=iphoneos*]" = "iPhone Developer";
				COPY_PHASE_STRIP = YES;
				ENABLE_NS_ASSERTIONS = NO;
				ENABLE_STRICT_OBJC_MSGSEND = YES;
				GCC_C_LANGUAGE_STANDARD = gnu99;
				GCC_WARN_64_TO_32_BIT_CONVERSION = YES;
				GCC_WARN_ABOUT_RETURN_TYPE = YES_ERROR;
				GCC_WARN_UNDECLARED_SELECTOR = YES;
				GCC_WARN_UNINITIALIZED_AUTOS = YES_AGGRESSIVE;
				GCC_WARN_UNUSED_FUNCTION = YES;
				GCC_WARN_UNUSED_VARIABLE = YES;
				IPHONEOS_DEPLOYMENT_TARGET = 8.1;
				MTL_ENABLE_DEBUG_INFO = NO;
				SDKROOT = iphoneos;
				VALIDATE_PRODUCT = YES;
			};
			name = Release;
		};
		50865BA41AF44945009F4B70 /* Debug */ = {
			isa = XCBuildConfiguration;
			buildSettings = {
				ASSETCATALOG_COMPILER_APPICON_NAME = AppIcon;
				INFOPLIST_FILE = babaynote/Info.plist;
				LD_RUNPATH_SEARCH_PATHS = "$(inherited) @executable_path/Frameworks";
				PRODUCT_NAME = "$(TARGET_NAME)";
			};
			name = Debug;
		};
		50865BA51AF44945009F4B70 /* Release */ = {
			isa = XCBuildConfiguration;
			buildSettings = {
				ASSETCATALOG_COMPILER_APPICON_NAME = AppIcon;
				INFOPLIST_FILE = babaynote/Info.plist;
				LD_RUNPATH_SEARCH_PATHS = "$(inherited) @executable_path/Frameworks";
				PRODUCT_NAME = "$(TARGET_NAME)";
			};
			name = Release;
		};
		50865BA71AF44945009F4B70 /* Debug */ = {
			isa = XCBuildConfiguration;
			buildSettings = {
				BUNDLE_LOADER = "$(TEST_HOST)";
				FRAMEWORK_SEARCH_PATHS = (
					"$(SDKROOT)/Developer/Library/Frameworks",
					"$(inherited)",
				);
				GCC_PREPROCESSOR_DEFINITIONS = (
					"DEBUG=1",
					"$(inherited)",
				);
				INFOPLIST_FILE = babaynoteTests/Info.plist;
				LD_RUNPATH_SEARCH_PATHS = "$(inherited) @executable_path/Frameworks @loader_path/Frameworks";
				PRODUCT_NAME = "$(TARGET_NAME)";
				TEST_HOST = "$(BUILT_PRODUCTS_DIR)/babaynote.app/babaynote";
			};
			name = Debug;
		};
		50865BA81AF44945009F4B70 /* Release */ = {
			isa = XCBuildConfiguration;
			buildSettings = {
				BUNDLE_LOADER = "$(TEST_HOST)";
				FRAMEWORK_SEARCH_PATHS = (
					"$(SDKROOT)/Developer/Library/Frameworks",
					"$(inherited)",
				);
				INFOPLIST_FILE = babaynoteTests/Info.plist;
				LD_RUNPATH_SEARCH_PATHS = "$(inherited) @executable_path/Frameworks @loader_path/Frameworks";
				PRODUCT_NAME = "$(TARGET_NAME)";
				TEST_HOST = "$(BUILT_PRODUCTS_DIR)/babaynote.app/babaynote";
			};
			name = Release;
		};
/* End XCBuildConfiguration section */

/* Begin XCConfigurationList section */
		50865B751AF44945009F4B70 /* Build configuration list for PBXProject "babaynote" */ = {
			isa = XCConfigurationList;
			buildConfigurations = (
				50865BA11AF44945009F4B70 /* Debug */,
				50865BA21AF44945009F4B70 /* Release */,
			);
			defaultConfigurationIsVisible = 0;
			defaultConfigurationName = Release;
		};
		50865BA31AF44945009F4B70 /* Build configuration list for PBXNativeTarget "babaynote" */ = {
			isa = XCConfigurationList;
			buildConfigurations = (
				50865BA41AF44945009F4B70 /* Debug */,
				50865BA51AF44945009F4B70 /* Release */,
			);
			defaultConfigurationIsVisible = 0;
		};
		50865BA61AF44945009F4B70 /* Build configuration list for PBXNativeTarget "babaynoteTests" */ = {
			isa = XCConfigurationList;
			buildConfigurations = (
				50865BA71AF44945009F4B70 /* Debug */,
				50865BA81AF44945009F4B70 /* Release */,
			);
			defaultConfigurationIsVisible = 0;
		};
/* End XCConfigurationList section */

/* Begin XCVersionGroup section */
		50865B841AF44945009F4B70 /* babaynote.xcdatamodeld */ = {
			isa = XCVersionGroup;
			children = (
				50865B851AF44945009F4B70 /* babaynote.xcdatamodel */,
			);
			currentVersion = 50865B851AF44945009F4B70 /* babaynote.xcdatamodel */;
			path = babaynote.xcdatamodeld;
			sourceTree = "<group>";
			versionGroupType = wrapper.xcdatamodel;
		};
/* End XCVersionGroup section */
	};
	rootObject = 50865B721AF44945009F4B70 /* Project object */;
}
